{
  "lockfileVersion": 1,
  "configVersion": 1,
  "workspaces": {
    "": {
      "name": "daemon-mcp-server",
      "devDependencies": {
        "@cloudflare/workers-types": "^4.20250110.0",
      },
    },
  },
  "packages": {
    "@cloudflare/workers-types": ["@cloudflare/workers-types@4.20260107.1", "", {}, "sha512-HErxm1gnfkhO1kUEtFoQuKEiAkoS+ywqcfk5cq+xG+YomF5oCjMAjuqF6WLbR0VhHkYLERhbUSYnQ5Q/RB0T2g=="],
  }
}
